{
  "name": "screeps-rookie",
  "version": "0.0.5",
  "lockfileVersion": 1,
  "requires": true,
  "dependencies": {
    "b-pipe": {
      "version": "0.0.1",
      "resolved": "https://registry.npmjs.org/b-pipe/-/b-pipe-0.0.1.tgz",
      "integrity": "sha512-n5TVTOl6x154nBi4GmJS9QUjUHXYq1gPBS/RTxScUjcRbzllsrWpu3182ejD1uOd9ivg0aJ0a6OQEE96lOHSiw=="
    },
    "l-print": {
      "version": "0.0.8",
      "resolved": "https://registry.npmjs.org/l-print/-/l-print-0.0.8.tgz",
      "integrity": "sha512-V9KIIKl2ksUgb403IjGMhXZTB9mCO++MWw/baOctp2CoGBjBoERg8yqoFX3Oyv0go7HSPa/Nwo4iBLGti/niEw=="
    }
  }
}
